
Microsoft Visual Studio Solution File, Format Version 12.00
# Visual Studio 15
Project("{FAE04EC0-301F-11D3-BF4B-00C04F79EFBC}") = "UnityEngine.UI", "UnityEngine.UI.csproj", "{71DD6134-4182-5931-09CB-667AED8C7A62}"
EndProject
Project("{FAE04EC0-301F-11D3-BF4B-00C04F79EFBC}") = "UnityEngine.TestRunner", "UnityEngine.TestRunner.csproj", "{E4181F3B-253F-EE9C-5EDD-70B5F6D4B101}"
EndProject
Project("{FAE04EC0-301F-11D3-BF4B-00C04F79EFBC}") = "Unity.VisualScripting.Flow", "Unity.VisualScripting.Flow.csproj", "{2F187474-E9D9-853B-D112-00A99937CB57}"
EndProject
Project("{FAE04EC0-301F-11D3-BF4B-00C04F79EFBC}") = "Unity.Services.Core.Telemetry", "Unity.Services.Core.Telemetry.csproj", "{C5FCA8B3-8036-D132-419D-DA0A82E2A80A}"
EndProject
Project("{FAE04EC0-301F-11D3-BF4B-00C04F79EFBC}") = "Unity.VisualScripting.State", "Unity.VisualScripting.State.csproj", "{662E00E0-6FC7-993B-B28F-4BD26CCE5DC6}"
EndProject
Project("{FAE04EC0-301F-11D3-BF4B-00C04F79EFBC}") = "Unity.VisualScripting.Core", "Unity.VisualScripting.Core.csproj", "{D944261D-C49C-A2FA-5776-7EF66E7C99CB}"
EndProject
Project("{FAE04EC0-301F-11D3-BF4B-00C04F79EFBC}") = "Unity.Services.Core.Environments.Internal", "Unity.Services.Core.Environments.Internal.csproj", "{B42DB0BD-E295-A5AF-2171-04FE23A0C37C}"
EndProject
Project("{FAE04EC0-301F-11D3-BF4B-00C04F79EFBC}") = "Unity.TextMeshPro", "Unity.TextMeshPro.csproj", "{02BDEAED-5CFE-0290-C425-493F12986B1F}"
EndProject
Project("{FAE04EC0-301F-11D3-BF4B-00C04F79EFBC}") = "Cinemachine", "Cinemachine.csproj", "{06975088-AEBE-CA8B-44CD-FD958A82AC37}"
EndProject
Project("{FAE04EC0-301F-11D3-BF4B-00C04F79EFBC}") = "Unity.Timeline", "Unity.Timeline.csproj", "{1F2F4952-2156-0F5A-0293-9407F413B366}"
EndProject
Project("{FAE04EC0-301F-11D3-BF4B-00C04F79EFBC}") = "Unity.Services.Core", "Unity.Services.Core.csproj", "{EB5F8376-7D5C-8431-CDDE-FDB5AE0AC691}"
EndProject
Project("{FAE04EC0-301F-11D3-BF4B-00C04F79EFBC}") = "Assembly-CSharp", "Assembly-CSharp.csproj", "{F6C4CDE2-5726-46F3-24FD-66BC8558FD2C}"
EndProject
Project("{FAE04EC0-301F-11D3-BF4B-00C04F79EFBC}") = "Unity.Services.Core.Environments", "Unity.Services.Core.Environments.csproj", "{DEF45705-52E9-6F9D-A2D8-33BF78C098ED}"
EndProject
Project("{FAE04EC0-301F-11D3-BF4B-00C04F79EFBC}") = "CFXRDemo", "CFXRDemo.csproj", "{604C48ED-21D9-03CE-0BCB-D62F39866F9B}"
EndProject
Project("{FAE04EC0-301F-11D3-BF4B-00C04F79EFBC}") = "Unity.Services.Core.Internal", "Unity.Services.Core.Internal.csproj", "{9426C3A0-16A0-4731-168A-905DA919AE80}"
EndProject
Project("{FAE04EC0-301F-11D3-BF4B-00C04F79EFBC}") = "Unity.Services.Core.Analytics", "Unity.Services.Core.Analytics.csproj", "{AA512BD2-3F2B-84D4-28BD-61AD3293F716}"
EndProject
Project("{FAE04EC0-301F-11D3-BF4B-00C04F79EFBC}") = "Unity.Services.Core.Scheduler", "Unity.Services.Core.Scheduler.csproj", "{18466592-45B2-9141-8892-CA74523CC6D3}"
EndProject
Project("{FAE04EC0-301F-11D3-BF4B-00C04F79EFBC}") = "Unity.Services.Core.Registration", "Unity.Services.Core.Registration.csproj", "{10C8C395-2F33-B081-6CCC-364CBD9416D6}"
EndProject
Project("{FAE04EC0-301F-11D3-BF4B-00C04F79EFBC}") = "Unity.Services.Core.Device", "Unity.Services.Core.Device.csproj", "{97FE88BE-7E9B-0847-5FB3-3AF9BE1979F6}"
EndProject
Project("{FAE04EC0-301F-11D3-BF4B-00C04F79EFBC}") = "CFXRRuntime", "CFXRRuntime.csproj", "{4D175F0B-C278-A480-B95C-75666221516D}"
EndProject
Project("{FAE04EC0-301F-11D3-BF4B-00C04F79EFBC}") = "Unity.Services.Core.Threading", "Unity.Services.Core.Threading.csproj", "{6C00581C-0FD9-16E2-2AA8-A46A8A647D86}"
EndProject
Project("{FAE04EC0-301F-11D3-BF4B-00C04F79EFBC}") = "Unity.Services.Core.Networking", "Unity.Services.Core.Networking.csproj", "{C603DB46-C2CF-8DCF-8DB2-40FF32854FCA}"
EndProject
Project("{FAE04EC0-301F-11D3-BF4B-00C04F79EFBC}") = "Unity.Services.Core.Configuration", "Unity.Services.Core.Configuration.csproj", "{30EF38AE-8C6D-BAE4-13A0-A81386B5AFCD}"
EndProject
Project("{FAE04EC0-301F-11D3-BF4B-00C04F79EFBC}") = "KinoBloom.Runtime", "KinoBloom.Runtime.csproj", "{3E31DF01-30B6-91BF-8E22-4665C0B731EB}"
EndProject
Project("{FAE04EC0-301F-11D3-BF4B-00C04F79EFBC}") = "Unity.PlasticSCM.Editor", "Unity.PlasticSCM.Editor.csproj", "{04EE7DFA-B1A1-7E90-E91F-B54CB5912C4E}"
EndProject
Project("{FAE04EC0-301F-11D3-BF4B-00C04F79EFBC}") = "Unity.VisualScripting.Core.Editor", "Unity.VisualScripting.Core.Editor.csproj", "{92A408B1-FDD9-31B6-5023-253180F62775}"
EndProject
Project("{FAE04EC0-301F-11D3-BF4B-00C04F79EFBC}") = "Unity.VisualScripting.Flow.Editor", "Unity.VisualScripting.Flow.Editor.csproj", "{3A41CDE8-CFAF-2AD9-AB38-92F8A8B12494}"
EndProject
Project("{FAE04EC0-301F-11D3-BF4B-00C04F79EFBC}") = "Unity.VisualStudio.Editor", "Unity.VisualStudio.Editor.csproj", "{082B8ED1-3515-0619-74BA-75DF4DACA20B}"
EndProject
Project("{FAE04EC0-301F-11D3-BF4B-00C04F79EFBC}") = "Unity.Timeline.Editor", "Unity.Timeline.Editor.csproj", "{74A9A3D6-0215-588E-A710-1A1F102048B0}"
EndProject
Project("{FAE04EC0-301F-11D3-BF4B-00C04F79EFBC}") = "com.unity.cinemachine.editor", "com.unity.cinemachine.editor.csproj", "{378C5E62-09C5-C913-B00E-543863B04613}"
EndProject
Project("{FAE04EC0-301F-11D3-BF4B-00C04F79EFBC}") = "Unity.VisualScripting.State.Editor", "Unity.VisualScripting.State.Editor.csproj", "{0AFFBFEB-251A-1384-B7F3-0F8256E27DE2}"
EndProject
Project("{FAE04EC0-301F-11D3-BF4B-00C04F79EFBC}") = "Unity.TextMeshPro.Editor", "Unity.TextMeshPro.Editor.csproj", "{8F1C4065-CF2B-890C-4428-8FAB552AD16F}"
EndProject
Project("{FAE04EC0-301F-11D3-BF4B-00C04F79EFBC}") = "Unity.VisualScripting.SettingsProvider.Editor", "Unity.VisualScripting.SettingsProvider.Editor.csproj", "{7FBF31FE-04B4-DE1B-69E4-1C75D8644B10}"
EndProject
Project("{FAE04EC0-301F-11D3-BF4B-00C04F79EFBC}") = "Unity.CollabProxy.Editor", "Unity.CollabProxy.Editor.csproj", "{7BC9EDD6-4733-D38C-933C-02BB0139D78A}"
EndProject
Project("{FAE04EC0-301F-11D3-BF4B-00C04F79EFBC}") = "UnityEditor.TestRunner", "UnityEditor.TestRunner.csproj", "{9DAB20E5-2BFB-F6C0-1EFE-09C260FFE476}"
EndProject
Project("{FAE04EC0-301F-11D3-BF4B-00C04F79EFBC}") = "Unity.Services.Core.Editor", "Unity.Services.Core.Editor.csproj", "{E1C85C02-B881-8496-9AA2-C0F961477CA8}"
EndProject
Project("{FAE04EC0-301F-11D3-BF4B-00C04F79EFBC}") = "Unity.TestTools.CodeCoverage.Editor", "Unity.TestTools.CodeCoverage.Editor.csproj", "{8A9CC04F-A170-C923-7188-E058D8F8984D}"
EndProject
Project("{FAE04EC0-301F-11D3-BF4B-00C04F79EFBC}") = "Unity.Rider.Editor", "Unity.Rider.Editor.csproj", "{E26BD7C7-1FEE-0D95-5B34-A59B1EF65C70}"
EndProject
Project("{FAE04EC0-301F-11D3-BF4B-00C04F79EFBC}") = "Unity.Performance.Profile-Analyzer.Editor", "Unity.Performance.Profile-Analyzer.Editor.csproj", "{78F6D6C5-5C00-5D29-0335-3589A16FAED2}"
EndProject
Project("{FAE04EC0-301F-11D3-BF4B-00C04F79EFBC}") = "Unity.VSCode.Editor", "Unity.VSCode.Editor.csproj", "{3EC405B1-6018-A0B5-DB1A-F8CF72AB9D6C}"
EndProject
Project("{FAE04EC0-301F-11D3-BF4B-00C04F79EFBC}") = "UnityEditor.UI", "UnityEditor.UI.csproj", "{895466FD-9EF4-0754-065A-08C22BFC4E23}"
EndProject
Project("{FAE04EC0-301F-11D3-BF4B-00C04F79EFBC}") = "Unity.TestTools.CodeCoverage.Editor.OpenCover.Model", "Unity.TestTools.CodeCoverage.Editor.OpenCover.Model.csproj", "{D3A37B51-C4DA-7FFE-D504-AC710EE31B15}"
EndProject
Project("{FAE04EC0-301F-11D3-BF4B-00C04F79EFBC}") = "Unity.EditorCoroutines.Editor", "Unity.EditorCoroutines.Editor.csproj", "{4E3CCD7F-F3C4-541B-D9AC-1E7D888C6222}"
EndProject
Project("{FAE04EC0-301F-11D3-BF4B-00C04F79EFBC}") = "CFXREditor", "CFXREditor.csproj", "{C4636DBE-1C8E-75E2-8C0D-553DF013AAC5}"
EndProject
Project("{FAE04EC0-301F-11D3-BF4B-00C04F79EFBC}") = "Unity.Settings.Editor", "Unity.Settings.Editor.csproj", "{0301181A-9A23-D21E-DBDE-A603139FD783}"
EndProject
Project("{FAE04EC0-301F-11D3-BF4B-00C04F79EFBC}") = "Unity.Services.Core.Configuration.Editor", "Unity.Services.Core.Configuration.Editor.csproj", "{F592624E-0EE4-39A8-657B-3EAA9966AA78}"
EndProject
Project("{FAE04EC0-301F-11D3-BF4B-00C04F79EFBC}") = "Unity.TestTools.CodeCoverage.Editor.OpenCover.Mono.Reflection", "Unity.TestTools.CodeCoverage.Editor.OpenCover.Mono.Reflection.csproj", "{E3BBBB31-19C2-B946-EE6E-4FBA3B0A7C15}"
EndProject
Project("{FAE04EC0-301F-11D3-BF4B-00C04F79EFBC}") = "Unity.VisualScripting.Shared.Editor", "Unity.VisualScripting.Shared.Editor.csproj", "{7C841B3A-EB88-16F3-2D04-DB6DCC89B063}"
EndProject
Project("{FAE04EC0-301F-11D3-BF4B-00C04F79EFBC}") = "ToonyColorsPro.Demo.Editor", "ToonyColorsPro.Demo.Editor.csproj", "{9AAB202D-F440-CF27-B688-4AEA01731C8B}"
EndProject
Project("{FAE04EC0-301F-11D3-BF4B-00C04F79EFBC}") = "UnityEngine.UI", "UnityEngine.UI.Player.csproj", "{0F0CDCCB-2C78-F2E2-FBAB-4C68EFBE8AE2}"
EndProject
Project("{FAE04EC0-301F-11D3-BF4B-00C04F79EFBC}") = "UnityEngine.TestRunner", "UnityEngine.TestRunner.Player.csproj", "{97288BF7-CEAA-67ED-85B7-DC99EF390923}"
EndProject
Project("{FAE04EC0-301F-11D3-BF4B-00C04F79EFBC}") = "Unity.VisualScripting.Flow", "Unity.VisualScripting.Flow.Player.csproj", "{4AB98952-F3CF-A94A-8481-4AB579916393}"
EndProject
Project("{FAE04EC0-301F-11D3-BF4B-00C04F79EFBC}") = "Unity.Services.Core.Telemetry", "Unity.Services.Core.Telemetry.Player.csproj", "{D17776DA-1913-A7F0-CB91-0BE64AB666F5}"
EndProject
Project("{FAE04EC0-301F-11D3-BF4B-00C04F79EFBC}") = "Unity.VisualScripting.State", "Unity.VisualScripting.State.Player.csproj", "{EDE44141-605E-08A5-96D8-A23D03FC0C3F}"
EndProject
Project("{FAE04EC0-301F-11D3-BF4B-00C04F79EFBC}") = "Unity.VisualScripting.Core", "Unity.VisualScripting.Core.Player.csproj", "{AE5ED084-7C38-04B6-CAB0-84DAB481887C}"
EndProject
Project("{FAE04EC0-301F-11D3-BF4B-00C04F79EFBC}") = "Unity.Services.Core.Environments.Internal", "Unity.Services.Core.Environments.Internal.Player.csproj", "{72C294CE-7344-C0D2-CDF6-C92BC8D7EED6}"
EndProject
Project("{FAE04EC0-301F-11D3-BF4B-00C04F79EFBC}") = "Unity.TextMeshPro", "Unity.TextMeshPro.Player.csproj", "{385D9362-1E50-8C88-C95F-3FF90F48A360}"
EndProject
Project("{FAE04EC0-301F-11D3-BF4B-00C04F79EFBC}") = "Cinemachine", "Cinemachine.Player.csproj", "{FF552945-6A9C-8DCE-3695-B40764AF7F4E}"
EndProject
Project("{FAE04EC0-301F-11D3-BF4B-00C04F79EFBC}") = "Unity.Timeline", "Unity.Timeline.Player.csproj", "{52F93D3D-7453-135B-4593-3760FCF09E10}"
EndProject
Project("{FAE04EC0-301F-11D3-BF4B-00C04F79EFBC}") = "Unity.Services.Core", "Unity.Services.Core.Player.csproj", "{22F792E5-4A69-A792-1DA7-4CEB552FE685}"
EndProject
Project("{FAE04EC0-301F-11D3-BF4B-00C04F79EFBC}") = "Assembly-CSharp", "Assembly-CSharp.Player.csproj", "{7D93CFF6-880B-01C7-F742-07C29F140263}"
EndProject
Project("{FAE04EC0-301F-11D3-BF4B-00C04F79EFBC}") = "Unity.Services.Core.Environments", "Unity.Services.Core.Environments.Player.csproj", "{327E46EF-D6E1-4657-8140-95BA6776CDCF}"
EndProject
Project("{FAE04EC0-301F-11D3-BF4B-00C04F79EFBC}") = "CFXRDemo", "CFXRDemo.Player.csproj", "{E2E9952D-9D10-0F83-695D-46D7F6EC8D3F}"
EndProject
Project("{FAE04EC0-301F-11D3-BF4B-00C04F79EFBC}") = "Unity.Services.Core.Internal", "Unity.Services.Core.Internal.Player.csproj", "{797BBD7C-CFD6-CDF1-361E-E5119C53ADF6}"
EndProject
Project("{FAE04EC0-301F-11D3-BF4B-00C04F79EFBC}") = "Unity.Services.Core.Analytics", "Unity.Services.Core.Analytics.Player.csproj", "{49133C06-1853-5AD0-844F-BD11B36643D7}"
EndProject
Project("{FAE04EC0-301F-11D3-BF4B-00C04F79EFBC}") = "Unity.Services.Core.Scheduler", "Unity.Services.Core.Scheduler.Player.csproj", "{CF48330E-76F1-8489-6B7C-C8121AE25400}"
EndProject
Project("{FAE04EC0-301F-11D3-BF4B-00C04F79EFBC}") = "Unity.Services.Core.Registration", "Unity.Services.Core.Registration.Player.csproj", "{6EB99A77-EDF5-CDA9-82E0-A5955625943C}"
EndProject
Project("{FAE04EC0-301F-11D3-BF4B-00C04F79EFBC}") = "Unity.Services.Core.Device", "Unity.Services.Core.Device.Player.csproj", "{6ADE4A0E-FEEA-EB59-7CB5-FD55AD769320}"
EndProject
Project("{FAE04EC0-301F-11D3-BF4B-00C04F79EFBC}") = "CFXRRuntime", "CFXRRuntime.Player.csproj", "{7B96855B-99E4-AD2B-18F6-1BA5B187E945}"
EndProject
Project("{FAE04EC0-301F-11D3-BF4B-00C04F79EFBC}") = "Unity.Services.Core.Threading", "Unity.Services.Core.Threading.Player.csproj", "{37EFBF39-BFAF-890F-F7AF-512A8BDAE17D}"
EndProject
Project("{FAE04EC0-301F-11D3-BF4B-00C04F79EFBC}") = "Unity.Services.Core.Networking", "Unity.Services.Core.Networking.Player.csproj", "{9B3B7BAF-0C8C-0C11-60E9-2BA1FDD71315}"
EndProject
Project("{FAE04EC0-301F-11D3-BF4B-00C04F79EFBC}") = "Unity.Services.Core.Configuration", "Unity.Services.Core.Configuration.Player.csproj", "{385B66AC-B35F-0A83-D069-225A22FFC215}"
EndProject
Project("{FAE04EC0-301F-11D3-BF4B-00C04F79EFBC}") = "KinoBloom.Runtime", "KinoBloom.Runtime.Player.csproj", "{AA4C3A1D-6C3B-1A97-4DB0-90761FE9575E}"
EndProject
Global
	GlobalSection(SolutionConfigurationPlatforms) = preSolution
		Debug|Any CPU = Debug|Any CPU
		Release|Any CPU = Release|Any CPU
	EndGlobalSection
	GlobalSection(ProjectConfigurationPlatforms) = postSolution
		{71DD6134-4182-5931-09CB-667AED8C7A62}.Debug|Any CPU.ActiveCfg = Debug|Any CPU
		{71DD6134-4182-5931-09CB-667AED8C7A62}.Debug|Any CPU.Build.0 = Debug|Any CPU
		{71DD6134-4182-5931-09CB-667AED8C7A62}.Release|Any CPU.ActiveCfg = Release|Any CPU
		{71DD6134-4182-5931-09CB-667AED8C7A62}.Release|Any CPU.Build.0 = Release|Any CPU
		{E4181F3B-253F-EE9C-5EDD-70B5F6D4B101}.Debug|Any CPU.ActiveCfg = Debug|Any CPU
		{E4181F3B-253F-EE9C-5EDD-70B5F6D4B101}.Debug|Any CPU.Build.0 = Debug|Any CPU
		{E4181F3B-253F-EE9C-5EDD-70B5F6D4B101}.Release|Any CPU.ActiveCfg = Release|Any CPU
		{E4181F3B-253F-EE9C-5EDD-70B5F6D4B101}.Release|Any CPU.Build.0 = Release|Any CPU
		{2F187474-E9D9-853B-D112-00A99937CB57}.Debug|Any CPU.ActiveCfg = Debug|Any CPU
		{2F187474-E9D9-853B-D112-00A99937CB57}.Debug|Any CPU.Build.0 = Debug|Any CPU
		{2F187474-E9D9-853B-D112-00A99937CB57}.Release|Any CPU.ActiveCfg = Release|Any CPU
		{2F187474-E9D9-853B-D112-00A99937CB57}.Release|Any CPU.Build.0 = Release|Any CPU
		{C5FCA8B3-8036-D132-419D-DA0A82E2A80A}.Debug|Any CPU.ActiveCfg = Debug|Any CPU
		{C5FCA8B3-8036-D132-419D-DA0A82E2A80A}.Debug|Any CPU.Build.0 = Debug|Any CPU
		{C5FCA8B3-8036-D132-419D-DA0A82E2A80A}.Release|Any CPU.ActiveCfg = Release|Any CPU
		{C5FCA8B3-8036-D132-419D-DA0A82E2A80A}.Release|Any CPU.Build.0 = Release|Any CPU
		{662E00E0-6FC7-993B-B28F-4BD26CCE5DC6}.Debug|Any CPU.ActiveCfg = Debug|Any CPU
		{662E00E0-6FC7-993B-B28F-4BD26CCE5DC6}.Debug|Any CPU.Build.0 = Debug|Any CPU
		{662E00E0-6FC7-993B-B28F-4BD26CCE5DC6}.Release|Any CPU.ActiveCfg = Release|Any CPU
		{662E00E0-6FC7-993B-B28F-4BD26CCE5DC6}.Release|Any CPU.Build.0 = Release|Any CPU
		{D944261D-C49C-A2FA-5776-7EF66E7C99CB}.Debug|Any CPU.ActiveCfg = Debug|Any CPU
		{D944261D-C49C-A2FA-5776-7EF66E7C99CB}.Debug|Any CPU.Build.0 = Debug|Any CPU
		{D944261D-C49C-A2FA-5776-7EF66E7C99CB}.Release|Any CPU.ActiveCfg = Release|Any CPU
		{D944261D-C49C-A2FA-5776-7EF66E7C99CB}.Release|Any CPU.Build.0 = Release|Any CPU
		{B42DB0BD-E295-A5AF-2171-04FE23A0C37C}.Debug|Any CPU.ActiveCfg = Debug|Any CPU
		{B42DB0BD-E295-A5AF-2171-04FE23A0C37C}.Debug|Any CPU.Build.0 = Debug|Any CPU
		{B42DB0BD-E295-A5AF-2171-04FE23A0C37C}.Release|Any CPU.ActiveCfg = Release|Any CPU
		{B42DB0BD-E295-A5AF-2171-04FE23A0C37C}.Release|Any CPU.Build.0 = Release|Any CPU
		{02BDEAED-5CFE-0290-C425-493F12986B1F}.Debug|Any CPU.ActiveCfg = Debug|Any CPU
		{02BDEAED-5CFE-0290-C425-493F12986B1F}.Debug|Any CPU.Build.0 = Debug|Any CPU
		{02BDEAED-5CFE-0290-C425-493F12986B1F}.Release|Any CPU.ActiveCfg = Release|Any CPU
		{02BDEAED-5CFE-0290-C425-493F12986B1F}.Release|Any CPU.Build.0 = Release|Any CPU
		{06975088-AEBE-CA8B-44CD-FD958A82AC37}.Debug|Any CPU.ActiveCfg = Debug|Any CPU
		{06975088-AEBE-CA8B-44CD-FD958A82AC37}.Debug|Any CPU.Build.0 = Debug|Any CPU
		{06975088-AEBE-CA8B-44CD-FD958A82AC37}.Release|Any CPU.ActiveCfg = Release|Any CPU
		{06975088-AEBE-CA8B-44CD-FD958A82AC37}.Release|Any CPU.Build.0 = Release|Any CPU
		{1F2F4952-2156-0F5A-0293-9407F413B366}.Debug|Any CPU.ActiveCfg = Debug|Any CPU
		{1F2F4952-2156-0F5A-0293-9407F413B366}.Debug|Any CPU.Build.0 = Debug|Any CPU
		{1F2F4952-2156-0F5A-0293-9407F413B366}.Release|Any CPU.ActiveCfg = Release|Any CPU
		{1F2F4952-2156-0F5A-0293-9407F413B366}.Release|Any CPU.Build.0 = Release|Any CPU
		{EB5F8376-7D5C-8431-CDDE-FDB5AE0AC691}.Debug|Any CPU.ActiveCfg = Debug|Any CPU
		{EB5F8376-7D5C-8431-CDDE-FDB5AE0AC691}.Debug|Any CPU.Build.0 = Debug|Any CPU
		{EB5F8376-7D5C-8431-CDDE-FDB5AE0AC691}.Release|Any CPU.ActiveCfg = Release|Any CPU
		{EB5F8376-7D5C-8431-CDDE-FDB5AE0AC691}.Release|Any CPU.Build.0 = Release|Any CPU
		{F6C4CDE2-5726-46F3-24FD-66BC8558FD2C}.Debug|Any CPU.ActiveCfg = Debug|Any CPU
		{F6C4CDE2-5726-46F3-24FD-66BC8558FD2C}.Debug|Any CPU.Build.0 = Debug|Any CPU
		{F6C4CDE2-5726-46F3-24FD-66BC8558FD2C}.Release|Any CPU.ActiveCfg = Release|Any CPU
		{F6C4CDE2-5726-46F3-24FD-66BC8558FD2C}.Release|Any CPU.Build.0 = Release|Any CPU
		{DEF45705-52E9-6F9D-A2D8-33BF78C098ED}.Debug|Any CPU.ActiveCfg = Debug|Any CPU
		{DEF45705-52E9-6F9D-A2D8-33BF78C098ED}.Debug|Any CPU.Build.0 = Debug|Any CPU
		{DEF45705-52E9-6F9D-A2D8-33BF78C098ED}.Release|Any CPU.ActiveCfg = Release|Any CPU
		{DEF45705-52E9-6F9D-A2D8-33BF78C098ED}.Release|Any CPU.Build.0 = Release|Any CPU
		{604C48ED-21D9-03CE-0BCB-D62F39866F9B}.Debug|Any CPU.ActiveCfg = Debug|Any CPU
		{604C48ED-21D9-03CE-0BCB-D62F39866F9B}.Debug|Any CPU.Build.0 = Debug|Any CPU
		{604C48ED-21D9-03CE-0BCB-D62F39866F9B}.Release|Any CPU.ActiveCfg = Release|Any CPU
		{604C48ED-21D9-03CE-0BCB-D62F39866F9B}.Release|Any CPU.Build.0 = Release|Any CPU
		{9426C3A0-16A0-4731-168A-905DA919AE80}.Debug|Any CPU.ActiveCfg = Debug|Any CPU
		{9426C3A0-16A0-4731-168A-905DA919AE80}.Debug|Any CPU.Build.0 = Debug|Any CPU
		{9426C3A0-16A0-4731-168A-905DA919AE80}.Release|Any CPU.ActiveCfg = Release|Any CPU
		{9426C3A0-16A0-4731-168A-905DA919AE80}.Release|Any CPU.Build.0 = Release|Any CPU
		{AA512BD2-3F2B-84D4-28BD-61AD3293F716}.Debug|Any CPU.ActiveCfg = Debug|Any CPU
		{AA512BD2-3F2B-84D4-28BD-61AD3293F716}.Debug|Any CPU.Build.0 = Debug|Any CPU
		{AA512BD2-3F2B-84D4-28BD-61AD3293F716}.Release|Any CPU.ActiveCfg = Release|Any CPU
		{AA512BD2-3F2B-84D4-28BD-61AD3293F716}.Release|Any CPU.Build.0 = Release|Any CPU
		{18466592-45B2-9141-8892-CA74523CC6D3}.Debug|Any CPU.ActiveCfg = Debug|Any CPU
		{18466592-45B2-9141-8892-CA74523CC6D3}.Debug|Any CPU.Build.0 = Debug|Any CPU
		{18466592-45B2-9141-8892-CA74523CC6D3}.Release|Any CPU.ActiveCfg = Release|Any CPU
		{18466592-45B2-9141-8892-CA74523CC6D3}.Release|Any CPU.Build.0 = Release|Any CPU
		{10C8C395-2F33-B081-6CCC-364CBD9416D6}.Debug|Any CPU.ActiveCfg = Debug|Any CPU
		{10C8C395-2F33-B081-6CCC-364CBD9416D6}.Debug|Any CPU.Build.0 = Debug|Any CPU
		{10C8C395-2F33-B081-6CCC-364CBD9416D6}.Release|Any CPU.ActiveCfg = Release|Any CPU
		{10C8C395-2F33-B081-6CCC-364CBD9416D6}.Release|Any CPU.Build.0 = Release|Any CPU
		{97FE88BE-7E9B-0847-5FB3-3AF9BE1979F6}.Debug|Any CPU.ActiveCfg = Debug|Any CPU
		{97FE88BE-7E9B-0847-5FB3-3AF9BE1979F6}.Debug|Any CPU.Build.0 = Debug|Any CPU
		{97FE88BE-7E9B-0847-5FB3-3AF9BE1979F6}.Release|Any CPU.ActiveCfg = Release|Any CPU
		{97FE88BE-7E9B-0847-5FB3-3AF9BE1979F6}.Release|Any CPU.Build.0 = Release|Any CPU
		{4D175F0B-C278-A480-B95C-75666221516D}.Debug|Any CPU.ActiveCfg = Debug|Any CPU
		{4D175F0B-C278-A480-B95C-75666221516D}.Debug|Any CPU.Build.0 = Debug|Any CPU
		{4D175F0B-C278-A480-B95C-75666221516D}.Release|Any CPU.ActiveCfg = Release|Any CPU
		{4D175F0B-C278-A480-B95C-75666221516D}.Release|Any CPU.Build.0 = Release|Any CPU
		{6C00581C-0FD9-16E2-2AA8-A46A8A647D86}.Debug|Any CPU.ActiveCfg = Debug|Any CPU
		{6C00581C-0FD9-16E2-2AA8-A46A8A647D86}.Debug|Any CPU.Build.0 = Debug|Any CPU
		{6C00581C-0FD9-16E2-2AA8-A46A8A647D86}.Release|Any CPU.ActiveCfg = Release|Any CPU
		{6C00581C-0FD9-16E2-2AA8-A46A8A647D86}.Release|Any CPU.Build.0 = Release|Any CPU
		{C603DB46-C2CF-8DCF-8DB2-40FF32854FCA}.Debug|Any CPU.ActiveCfg = Debug|Any CPU
		{C603DB46-C2CF-8DCF-8DB2-40FF32854FCA}.Debug|Any CPU.Build.0 = Debug|Any CPU
		{C603DB46-C2CF-8DCF-8DB2-40FF32854FCA}.Release|Any CPU.ActiveCfg = Release|Any CPU
		{C603DB46-C2CF-8DCF-8DB2-40FF32854FCA}.Release|Any CPU.Build.0 = Release|Any CPU
		{30EF38AE-8C6D-BAE4-13A0-A81386B5AFCD}.Debug|Any CPU.ActiveCfg = Debug|Any CPU
		{30EF38AE-8C6D-BAE4-13A0-A81386B5AFCD}.Debug|Any CPU.Build.0 = Debug|Any CPU
		{30EF38AE-8C6D-BAE4-13A0-A81386B5AFCD}.Release|Any CPU.ActiveCfg = Release|Any CPU
		{30EF38AE-8C6D-BAE4-13A0-A81386B5AFCD}.Release|Any CPU.Build.0 = Release|Any CPU
		{3E31DF01-30B6-91BF-8E22-4665C0B731EB}.Debug|Any CPU.ActiveCfg = Debug|Any CPU
		{3E31DF01-30B6-91BF-8E22-4665C0B731EB}.Debug|Any CPU.Build.0 = Debug|Any CPU
		{3E31DF01-30B6-91BF-8E22-4665C0B731EB}.Release|Any CPU.ActiveCfg = Release|Any CPU
		{3E31DF01-30B6-91BF-8E22-4665C0B731EB}.Release|Any CPU.Build.0 = Release|Any CPU
		{04EE7DFA-B1A1-7E90-E91F-B54CB5912C4E}.Debug|Any CPU.ActiveCfg = Debug|Any CPU
		{04EE7DFA-B1A1-7E90-E91F-B54CB5912C4E}.Debug|Any CPU.Build.0 = Debug|Any CPU
		{04EE7DFA-B1A1-7E90-E91F-B54CB5912C4E}.Release|Any CPU.ActiveCfg = Release|Any CPU
		{04EE7DFA-B1A1-7E90-E91F-B54CB5912C4E}.Release|Any CPU.Build.0 = Release|Any CPU
		{92A408B1-FDD9-31B6-5023-253180F62775}.Debug|Any CPU.ActiveCfg = Debug|Any CPU
		{92A408B1-FDD9-31B6-5023-253180F62775}.Debug|Any CPU.Build.0 = Debug|Any CPU
		{92A408B1-FDD9-31B6-5023-253180F62775}.Release|Any CPU.ActiveCfg = Release|Any CPU
		{92A408B1-FDD9-31B6-5023-253180F62775}.Release|Any CPU.Build.0 = Release|Any CPU
		{3A41CDE8-CFAF-2AD9-AB38-92F8A8B12494}.Debug|Any CPU.ActiveCfg = Debug|Any CPU
		{3A41CDE8-CFAF-2AD9-AB38-92F8A8B12494}.Debug|Any CPU.Build.0 = Debug|Any CPU
		{3A41CDE8-CFAF-2AD9-AB38-92F8A8B12494}.Release|Any CPU.ActiveCfg = Release|Any CPU
		{3A41CDE8-CFAF-2AD9-AB38-92F8A8B12494}.Release|Any CPU.Build.0 = Release|Any CPU
		{082B8ED1-3515-0619-74BA-75DF4DACA20B}.Debug|Any CPU.ActiveCfg = Debug|Any CPU
		{082B8ED1-3515-0619-74BA-75DF4DACA20B}.Debug|Any CPU.Build.0 = Debug|Any CPU
		{082B8ED1-3515-0619-74BA-75DF4DACA20B}.Release|Any CPU.ActiveCfg = Release|Any CPU
		{082B8ED1-3515-0619-74BA-75DF4DACA20B}.Release|Any CPU.Build.0 = Release|Any CPU
		{74A9A3D6-0215-588E-A710-1A1F102048B0}.Debug|Any CPU.ActiveCfg = Debug|Any CPU
		{74A9A3D6-0215-588E-A710-1A1F102048B0}.Debug|Any CPU.Build.0 = Debug|Any CPU
		{74A9A3D6-0215-588E-A710-1A1F102048B0}.Release|Any CPU.ActiveCfg = Release|Any CPU
		{74A9A3D6-0215-588E-A710-1A1F102048B0}.Release|Any CPU.Build.0 = Release|Any CPU
		{378C5E62-09C5-C913-B00E-543863B04613}.Debug|Any CPU.ActiveCfg = Debug|Any CPU
		{378C5E62-09C5-C913-B00E-543863B04613}.Debug|Any CPU.Build.0 = Debug|Any CPU
		{378C5E62-09C5-C913-B00E-543863B04613}.Release|Any CPU.ActiveCfg = Release|Any CPU
		{378C5E62-09C5-C913-B00E-543863B04613}.Release|Any CPU.Build.0 = Release|Any CPU
		{0AFFBFEB-251A-1384-B7F3-0F8256E27DE2}.Debug|Any CPU.ActiveCfg = Debug|Any CPU
		{0AFFBFEB-251A-1384-B7F3-0F8256E27DE2}.Debug|Any CPU.Build.0 = Debug|Any CPU
		{0AFFBFEB-251A-1384-B7F3-0F8256E27DE2}.Release|Any CPU.ActiveCfg = Release|Any CPU
		{0AFFBFEB-251A-1384-B7F3-0F8256E27DE2}.Release|Any CPU.Build.0 = Release|Any CPU
		{8F1C4065-CF2B-890C-4428-8FAB552AD16F}.Debug|Any CPU.ActiveCfg = Debug|Any CPU
		{8F1C4065-CF2B-890C-4428-8FAB552AD16F}.Debug|Any CPU.Build.0 = Debug|Any CPU
		{8F1C4065-CF2B-890C-4428-8FAB552AD16F}.Release|Any CPU.ActiveCfg = Release|Any CPU
		{8F1C4065-CF2B-890C-4428-8FAB552AD16F}.Release|Any CPU.Build.0 = Release|Any CPU
		{7FBF31FE-04B4-DE1B-69E4-1C75D8644B10}.Debug|Any CPU.ActiveCfg = Debug|Any CPU
		{7FBF31FE-04B4-DE1B-69E4-1C75D8644B10}.Debug|Any CPU.Build.0 = Debug|Any CPU
		{7FBF31FE-04B4-DE1B-69E4-1C75D8644B10}.Release|Any CPU.ActiveCfg = Release|Any CPU
		{7FBF31FE-04B4-DE1B-69E4-1C75D8644B10}.Release|Any CPU.Build.0 = Release|Any CPU
		{7BC9EDD6-4733-D38C-933C-02BB0139D78A}.Debug|Any CPU.ActiveCfg = Debug|Any CPU
		{7BC9EDD6-4733-D38C-933C-02BB0139D78A}.Debug|Any CPU.Build.0 = Debug|Any CPU
		{7BC9EDD6-4733-D38C-933C-02BB0139D78A}.Release|Any CPU.ActiveCfg = Release|Any CPU
		{7BC9EDD6-4733-D38C-933C-02BB0139D78A}.Release|Any CPU.Build.0 = Release|Any CPU
		{9DAB20E5-2BFB-F6C0-1EFE-09C260FFE476}.Debug|Any CPU.ActiveCfg = Debug|Any CPU
		{9DAB20E5-2BFB-F6C0-1EFE-09C260FFE476}.Debug|Any CPU.Build.0 = Debug|Any CPU
		{9DAB20E5-2BFB-F6C0-1EFE-09C260FFE476}.Release|Any CPU.ActiveCfg = Release|Any CPU
		{9DAB20E5-2BFB-F6C0-1EFE-09C260FFE476}.Release|Any CPU.Build.0 = Release|Any CPU
		{E1C85C02-B881-8496-9AA2-C0F961477CA8}.Debug|Any CPU.ActiveCfg = Debug|Any CPU
		{E1C85C02-B881-8496-9AA2-C0F961477CA8}.Debug|Any CPU.Build.0 = Debug|Any CPU
		{E1C85C02-B881-8496-9AA2-C0F961477CA8}.Release|Any CPU.ActiveCfg = Release|Any CPU
		{E1C85C02-B881-8496-9AA2-C0F961477CA8}.Release|Any CPU.Build.0 = Release|Any CPU
		{8A9CC04F-A170-C923-7188-E058D8F8984D}.Debug|Any CPU.ActiveCfg = Debug|Any CPU
		{8A9CC04F-A170-C923-7188-E058D8F8984D}.Debug|Any CPU.Build.0 = Debug|Any CPU
		{8A9CC04F-A170-C923-7188-E058D8F8984D}.Release|Any CPU.ActiveCfg = Release|Any CPU
		{8A9CC04F-A170-C923-7188-E058D8F8984D}.Release|Any CPU.Build.0 = Release|Any CPU
		{E26BD7C7-1FEE-0D95-5B34-A59B1EF65C70}.Debug|Any CPU.ActiveCfg = Debug|Any CPU
		{E26BD7C7-1FEE-0D95-5B34-A59B1EF65C70}.Debug|Any CPU.Build.0 = Debug|Any CPU
		{E26BD7C7-1FEE-0D95-5B34-A59B1EF65C70}.Release|Any CPU.ActiveCfg = Release|Any CPU
		{E26BD7C7-1FEE-0D95-5B34-A59B1EF65C70}.Release|Any CPU.Build.0 = Release|Any CPU
		{78F6D6C5-5C00-5D29-0335-3589A16FAED2}.Debug|Any CPU.ActiveCfg = Debug|Any CPU
		{78F6D6C5-5C00-5D29-0335-3589A16FAED2}.Debug|Any CPU.Build.0 = Debug|Any CPU
		{78F6D6C5-5C00-5D29-0335-3589A16FAED2}.Release|Any CPU.ActiveCfg = Release|Any CPU
		{78F6D6C5-5C00-5D29-0335-3589A16FAED2}.Release|Any CPU.Build.0 = Release|Any CPU
		{3EC405B1-6018-A0B5-DB1A-F8CF72AB9D6C}.Debug|Any CPU.ActiveCfg = Debug|Any CPU
		{3EC405B1-6018-A0B5-DB1A-F8CF72AB9D6C}.Debug|Any CPU.Build.0 = Debug|Any CPU
		{3EC405B1-6018-A0B5-DB1A-F8CF72AB9D6C}.Release|Any CPU.ActiveCfg = Release|Any CPU
		{3EC405B1-6018-A0B5-DB1A-F8CF72AB9D6C}.Release|Any CPU.Build.0 = Release|Any CPU
		{895466FD-9EF4-0754-065A-08C22BFC4E23}.Debug|Any CPU.ActiveCfg = Debug|Any CPU
		{895466FD-9EF4-0754-065A-08C22BFC4E23}.Debug|Any CPU.Build.0 = Debug|Any CPU
		{895466FD-9EF4-0754-065A-08C22BFC4E23}.Release|Any CPU.ActiveCfg = Release|Any CPU
		{895466FD-9EF4-0754-065A-08C22BFC4E23}.Release|Any CPU.Build.0 = Release|Any CPU
		{D3A37B51-C4DA-7FFE-D504-AC710EE31B15}.Debug|Any CPU.ActiveCfg = Debug|Any CPU
		{D3A37B51-C4DA-7FFE-D504-AC710EE31B15}.Debug|Any CPU.Build.0 = Debug|Any CPU
		{D3A37B51-C4DA-7FFE-D504-AC710EE31B15}.Release|Any CPU.ActiveCfg = Release|Any CPU
		{D3A37B51-C4DA-7FFE-D504-AC710EE31B15}.Release|Any CPU.Build.0 = Release|Any CPU
		{4E3CCD7F-F3C4-541B-D9AC-1E7D888C6222}.Debug|Any CPU.ActiveCfg = Debug|Any CPU
		{4E3CCD7F-F3C4-541B-D9AC-1E7D888C6222}.Debug|Any CPU.Build.0 = Debug|Any CPU
		{4E3CCD7F-F3C4-541B-D9AC-1E7D888C6222}.Release|Any CPU.ActiveCfg = Release|Any CPU
		{4E3CCD7F-F3C4-541B-D9AC-1E7D888C6222}.Release|Any CPU.Build.0 = Release|Any CPU
		{C4636DBE-1C8E-75E2-8C0D-553DF013AAC5}.Debug|Any CPU.ActiveCfg = Debug|Any CPU
		{C4636DBE-1C8E-75E2-8C0D-553DF013AAC5}.Debug|Any CPU.Build.0 = Debug|Any CPU
		{C4636DBE-1C8E-75E2-8C0D-553DF013AAC5}.Release|Any CPU.ActiveCfg = Release|Any CPU
		{C4636DBE-1C8E-75E2-8C0D-553DF013AAC5}.Release|Any CPU.Build.0 = Release|Any CPU
		{0301181A-9A23-D21E-DBDE-A603139FD783}.Debug|Any CPU.ActiveCfg = Debug|Any CPU
		{0301181A-9A23-D21E-DBDE-A603139FD783}.Debug|Any CPU.Build.0 = Debug|Any CPU
		{0301181A-9A23-D21E-DBDE-A603139FD783}.Release|Any CPU.ActiveCfg = Release|Any CPU
		{0301181A-9A23-D21E-DBDE-A603139FD783}.Release|Any CPU.Build.0 = Release|Any CPU
		{F592624E-0EE4-39A8-657B-3EAA9966AA78}.Debug|Any CPU.ActiveCfg = Debug|Any CPU
		{F592624E-0EE4-39A8-657B-3EAA9966AA78}.Debug|Any CPU.Build.0 = Debug|Any CPU
		{F592624E-0EE4-39A8-657B-3EAA9966AA78}.Release|Any CPU.ActiveCfg = Release|Any CPU
		{F592624E-0EE4-39A8-657B-3EAA9966AA78}.Release|Any CPU.Build.0 = Release|Any CPU
		{E3BBBB31-19C2-B946-EE6E-4FBA3B0A7C15}.Debug|Any CPU.ActiveCfg = Debug|Any CPU
		{E3BBBB31-19C2-B946-EE6E-4FBA3B0A7C15}.Debug|Any CPU.Build.0 = Debug|Any CPU
		{E3BBBB31-19C2-B946-EE6E-4FBA3B0A7C15}.Release|Any CPU.ActiveCfg = Release|Any CPU
		{E3BBBB31-19C2-B946-EE6E-4FBA3B0A7C15}.Release|Any CPU.Build.0 = Release|Any CPU
		{7C841B3A-EB88-16F3-2D04-DB6DCC89B063}.Debug|Any CPU.ActiveCfg = Debug|Any CPU
		{7C841B3A-EB88-16F3-2D04-DB6DCC89B063}.Debug|Any CPU.Build.0 = Debug|Any CPU
		{7C841B3A-EB88-16F3-2D04-DB6DCC89B063}.Release|Any CPU.ActiveCfg = Release|Any CPU
		{7C841B3A-EB88-16F3-2D04-DB6DCC89B063}.Release|Any CPU.Build.0 = Release|Any CPU
		{9AAB202D-F440-CF27-B688-4AEA01731C8B}.Debug|Any CPU.ActiveCfg = Debug|Any CPU
		{9AAB202D-F440-CF27-B688-4AEA01731C8B}.Debug|Any CPU.Build.0 = Debug|Any CPU
		{9AAB202D-F440-CF27-B688-4AEA01731C8B}.Release|Any CPU.ActiveCfg = Release|Any CPU
		{9AAB202D-F440-CF27-B688-4AEA01731C8B}.Release|Any CPU.Build.0 = Release|Any CPU
		{0F0CDCCB-2C78-F2E2-FBAB-4C68EFBE8AE2}.Debug|Any CPU.ActiveCfg = Debug|Any CPU
		{0F0CDCCB-2C78-F2E2-FBAB-4C68EFBE8AE2}.Debug|Any CPU.Build.0 = Debug|Any CPU
		{0F0CDCCB-2C78-F2E2-FBAB-4C68EFBE8AE2}.Release|Any CPU.ActiveCfg = Release|Any CPU
		{0F0CDCCB-2C78-F2E2-FBAB-4C68EFBE8AE2}.Release|Any CPU.Build.0 = Release|Any CPU
		{97288BF7-CEAA-67ED-85B7-DC99EF390923}.Debug|Any CPU.ActiveCfg = Debug|Any CPU
		{97288BF7-CEAA-67ED-85B7-DC99EF390923}.Debug|Any CPU.Build.0 = Debug|Any CPU
		{97288BF7-CEAA-67ED-85B7-DC99EF390923}.Release|Any CPU.ActiveCfg = Release|Any CPU
		{97288BF7-CEAA-67ED-85B7-DC99EF390923}.Release|Any CPU.Build.0 = Release|Any CPU
		{4AB98952-F3CF-A94A-8481-4AB579916393}.Debug|Any CPU.ActiveCfg = Debug|Any CPU
		{4AB98952-F3CF-A94A-8481-4AB579916393}.Debug|Any CPU.Build.0 = Debug|Any CPU
		{4AB98952-F3CF-A94A-8481-4AB579916393}.Release|Any CPU.ActiveCfg = Release|Any CPU
		{4AB98952-F3CF-A94A-8481-4AB579916393}.Release|Any CPU.Build.0 = Release|Any CPU
		{D17776DA-1913-A7F0-CB91-0BE64AB666F5}.Debug|Any CPU.ActiveCfg = Debug|Any CPU
		{D17776DA-1913-A7F0-CB91-0BE64AB666F5}.Debug|Any CPU.Build.0 = Debug|Any CPU
		{D17776DA-1913-A7F0-CB91-0BE64AB666F5}.Release|Any CPU.ActiveCfg = Release|Any CPU
		{D17776DA-1913-A7F0-CB91-0BE64AB666F5}.Release|Any CPU.Build.0 = Release|Any CPU
		{EDE44141-605E-08A5-96D8-A23D03FC0C3F}.Debug|Any CPU.ActiveCfg = Debug|Any CPU
		{EDE44141-605E-08A5-96D8-A23D03FC0C3F}.Debug|Any CPU.Build.0 = Debug|Any CPU
		{EDE44141-605E-08A5-96D8-A23D03FC0C3F}.Release|Any CPU.ActiveCfg = Release|Any CPU
		{EDE44141-605E-08A5-96D8-A23D03FC0C3F}.Release|Any CPU.Build.0 = Release|Any CPU
		{AE5ED084-7C38-04B6-CAB0-84DAB481887C}.Debug|Any CPU.ActiveCfg = Debug|Any CPU
		{AE5ED084-7C38-04B6-CAB0-84DAB481887C}.Debug|Any CPU.Build.0 = Debug|Any CPU
		{AE5ED084-7C38-04B6-CAB0-84DAB481887C}.Release|Any CPU.ActiveCfg = Release|Any CPU
		{AE5ED084-7C38-04B6-CAB0-84DAB481887C}.Release|Any CPU.Build.0 = Release|Any CPU
		{72C294CE-7344-C0D2-CDF6-C92BC8D7EED6}.Debug|Any CPU.ActiveCfg = Debug|Any CPU
		{72C294CE-7344-C0D2-CDF6-C92BC8D7EED6}.Debug|Any CPU.Build.0 = Debug|Any CPU
		{72C294CE-7344-C0D2-CDF6-C92BC8D7EED6}.Release|Any CPU.ActiveCfg = Release|Any CPU
		{72C294CE-7344-C0D2-CDF6-C92BC8D7EED6}.Release|Any CPU.Build.0 = Release|Any CPU
		{385D9362-1E50-8C88-C95F-3FF90F48A360}.Debug|Any CPU.ActiveCfg = Debug|Any CPU
		{385D9362-1E50-8C88-C95F-3FF90F48A360}.Debug|Any CPU.Build.0 = Debug|Any CPU
		{385D9362-1E50-8C88-C95F-3FF90F48A360}.Release|Any CPU.ActiveCfg = Release|Any CPU
		{385D9362-1E50-8C88-C95F-3FF90F48A360}.Release|Any CPU.Build.0 = Release|Any CPU
		{FF552945-6A9C-8DCE-3695-B40764AF7F4E}.Debug|Any CPU.ActiveCfg = Debug|Any CPU
		{FF552945-6A9C-8DCE-3695-B40764AF7F4E}.Debug|Any CPU.Build.0 = Debug|Any CPU
		{FF552945-6A9C-8DCE-3695-B40764AF7F4E}.Release|Any CPU.ActiveCfg = Release|Any CPU
		{FF552945-6A9C-8DCE-3695-B40764AF7F4E}.Release|Any CPU.Build.0 = Release|Any CPU
		{52F93D3D-7453-135B-4593-3760FCF09E10}.Debug|Any CPU.ActiveCfg = Debug|Any CPU
		{52F93D3D-7453-135B-4593-3760FCF09E10}.Debug|Any CPU.Build.0 = Debug|Any CPU
		{52F93D3D-7453-135B-4593-3760FCF09E10}.Release|Any CPU.ActiveCfg = Release|Any CPU
		{52F93D3D-7453-135B-4593-3760FCF09E10}.Release|Any CPU.Build.0 = Release|Any CPU
		{22F792E5-4A69-A792-1DA7-4CEB552FE685}.Debug|Any CPU.ActiveCfg = Debug|Any CPU
		{22F792E5-4A69-A792-1DA7-4CEB552FE685}.Debug|Any CPU.Build.0 = Debug|Any CPU
		{22F792E5-4A69-A792-1DA7-4CEB552FE685}.Release|Any CPU.ActiveCfg = Release|Any CPU
		{22F792E5-4A69-A792-1DA7-4CEB552FE685}.Release|Any CPU.Build.0 = Release|Any CPU
		{7D93CFF6-880B-01C7-F742-07C29F140263}.Debug|Any CPU.ActiveCfg = Debug|Any CPU
		{7D93CFF6-880B-01C7-F742-07C29F140263}.Debug|Any CPU.Build.0 = Debug|Any CPU
		{7D93CFF6-880B-01C7-F742-07C29F140263}.Release|Any CPU.ActiveCfg = Release|Any CPU
		{7D93CFF6-880B-01C7-F742-07C29F140263}.Release|Any CPU.Build.0 = Release|Any CPU
		{327E46EF-D6E1-4657-8140-95BA6776CDCF}.Debug|Any CPU.ActiveCfg = Debug|Any CPU
		{327E46EF-D6E1-4657-8140-95BA6776CDCF}.Debug|Any CPU.Build.0 = Debug|Any CPU
		{327E46EF-D6E1-4657-8140-95BA6776CDCF}.Release|Any CPU.ActiveCfg = Release|Any CPU
		{327E46EF-D6E1-4657-8140-95BA6776CDCF}.Release|Any CPU.Build.0 = Release|Any CPU
		{E2E9952D-9D10-0F83-695D-46D7F6EC8D3F}.Debug|Any CPU.ActiveCfg = Debug|Any CPU
		{E2E9952D-9D10-0F83-695D-46D7F6EC8D3F}.Debug|Any CPU.Build.0 = Debug|Any CPU
		{E2E9952D-9D10-0F83-695D-46D7F6EC8D3F}.Release|Any CPU.ActiveCfg = Release|Any CPU
		{E2E9952D-9D10-0F83-695D-46D7F6EC8D3F}.Release|Any CPU.Build.0 = Release|Any CPU
		{797BBD7C-CFD6-CDF1-361E-E5119C53ADF6}.Debug|Any CPU.ActiveCfg = Debug|Any CPU
		{797BBD7C-CFD6-CDF1-361E-E5119C53ADF6}.Debug|Any CPU.Build.0 = Debug|Any CPU
		{797BBD7C-CFD6-CDF1-361E-E5119C53ADF6}.Release|Any CPU.ActiveCfg = Release|Any CPU
		{797BBD7C-CFD6-CDF1-361E-E5119C53ADF6}.Release|Any CPU.Build.0 = Release|Any CPU
		{49133C06-1853-5AD0-844F-BD11B36643D7}.Debug|Any CPU.ActiveCfg = Debug|Any CPU
		{49133C06-1853-5AD0-844F-BD11B36643D7}.Debug|Any CPU.Build.0 = Debug|Any CPU
		{49133C06-1853-5AD0-844F-BD11B36643D7}.Release|Any CPU.ActiveCfg = Release|Any CPU
		{49133C06-1853-5AD0-844F-BD11B36643D7}.Release|Any CPU.Build.0 = Release|Any CPU
		{CF48330E-76F1-8489-6B7C-C8121AE25400}.Debug|Any CPU.ActiveCfg = Debug|Any CPU
		{CF48330E-76F1-8489-6B7C-C8121AE25400}.Debug|Any CPU.Build.0 = Debug|Any CPU
		{CF48330E-76F1-8489-6B7C-C8121AE25400}.Release|Any CPU.ActiveCfg = Release|Any CPU
		{CF48330E-76F1-8489-6B7C-C8121AE25400}.Release|Any CPU.Build.0 = Release|Any CPU
		{6EB99A77-EDF5-CDA9-82E0-A5955625943C}.Debug|Any CPU.ActiveCfg = Debug|Any CPU
		{6EB99A77-EDF5-CDA9-82E0-A5955625943C}.Debug|Any CPU.Build.0 = Debug|Any CPU
		{6EB99A77-EDF5-CDA9-82E0-A5955625943C}.Release|Any CPU.ActiveCfg = Release|Any CPU
		{6EB99A77-EDF5-CDA9-82E0-A5955625943C}.Release|Any CPU.Build.0 = Release|Any CPU
		{6ADE4A0E-FEEA-EB59-7CB5-FD55AD769320}.Debug|Any CPU.ActiveCfg = Debug|Any CPU
		{6ADE4A0E-FEEA-EB59-7CB5-FD55AD769320}.Debug|Any CPU.Build.0 = Debug|Any CPU
		{6ADE4A0E-FEEA-EB59-7CB5-FD55AD769320}.Release|Any CPU.ActiveCfg = Release|Any CPU
		{6ADE4A0E-FEEA-EB59-7CB5-FD55AD769320}.Release|Any CPU.Build.0 = Release|Any CPU
		{7B96855B-99E4-AD2B-18F6-1BA5B187E945}.Debug|Any CPU.ActiveCfg = Debug|Any CPU
		{7B96855B-99E4-AD2B-18F6-1BA5B187E945}.Debug|Any CPU.Build.0 = Debug|Any CPU
		{7B96855B-99E4-AD2B-18F6-1BA5B187E945}.Release|Any CPU.ActiveCfg = Release|Any CPU
		{7B96855B-99E4-AD2B-18F6-1BA5B187E945}.Release|Any CPU.Build.0 = Release|Any CPU
		{37EFBF39-BFAF-890F-F7AF-512A8BDAE17D}.Debug|Any CPU.ActiveCfg = Debug|Any CPU
		{37EFBF39-BFAF-890F-F7AF-512A8BDAE17D}.Debug|Any CPU.Build.0 = Debug|Any CPU
		{37EFBF39-BFAF-890F-F7AF-512A8BDAE17D}.Release|Any CPU.ActiveCfg = Release|Any CPU
		{37EFBF39-BFAF-890F-F7AF-512A8BDAE17D}.Release|Any CPU.Build.0 = Release|Any CPU
		{9B3B7BAF-0C8C-0C11-60E9-2BA1FDD71315}.Debug|Any CPU.ActiveCfg = Debug|Any CPU
		{9B3B7BAF-0C8C-0C11-60E9-2BA1FDD71315}.Debug|Any CPU.Build.0 = Debug|Any CPU
		{9B3B7BAF-0C8C-0C11-60E9-2BA1FDD71315}.Release|Any CPU.ActiveCfg = Release|Any CPU
		{9B3B7BAF-0C8C-0C11-60E9-2BA1FDD71315}.Release|Any CPU.Build.0 = Release|Any CPU
		{385B66AC-B35F-0A83-D069-225A22FFC215}.Debug|Any CPU.ActiveCfg = Debug|Any CPU
		{385B66AC-B35F-0A83-D069-225A22FFC215}.Debug|Any CPU.Build.0 = Debug|Any CPU
		{385B66AC-B35F-0A83-D069-225A22FFC215}.Release|Any CPU.ActiveCfg = Release|Any CPU
		{385B66AC-B35F-0A83-D069-225A22FFC215}.Release|Any CPU.Build.0 = Release|Any CPU
		{AA4C3A1D-6C3B-1A97-4DB0-90761FE9575E}.Debug|Any CPU.ActiveCfg = Debug|Any CPU
		{AA4C3A1D-6C3B-1A97-4DB0-90761FE9575E}.Debug|Any CPU.Build.0 = Debug|Any CPU
		{AA4C3A1D-6C3B-1A97-4DB0-90761FE9575E}.Release|Any CPU.ActiveCfg = Release|Any CPU
		{AA4C3A1D-6C3B-1A97-4DB0-90761FE9575E}.Release|Any CPU.Build.0 = Release|Any CPU
	EndGlobalSection
	GlobalSection(SolutionProperties) = preSolution
		HideSolutionNode = FALSE
	EndGlobalSection
EndGlobal
